
Microsoft Visual Studio Solution File, Format Version 12.00
# Visual Studio Version 16
VisualStudioVersion = 16.0.30413.136
MinimumVisualStudioVersion = 10.0.40219.1
Project("{FAE04EC0-301F-11D3-BF4B-00C04F79EFBC}") = "JokeWebApplication", "JokeWebApplication\JokeWebApplication.csproj", "{6CEC678E-F2BD-4D2A-AEB0-472485A8ABDD}"
EndProject
Global
	GlobalSection(SolutionConfigurationPlatforms) = preSolution
		Debug|Any CPU = Debug|Any CPU
		Release|Any CPU = Release|Any CPU
	EndGlobalSection
	GlobalSection(ProjectConfigurationPlatforms) = postSolution
		{6CEC678E-F2BD-4D2A-AEB0-472485A8ABDD}.Debug|Any CPU.ActiveCfg = Debug|Any CPU
		{6CEC678E-F2BD-4D2A-AEB0-472485A8ABDD}.Debug|Any CPU.Build.0 = Debug|Any CPU
		{6CEC678E-F2BD-4D2A-AEB0-472485A8ABDD}.Release|Any CPU.ActiveCfg = Release|Any CPU
		{6CEC678E-F2BD-4D2A-AEB0-472485A8ABDD}.Release|Any CPU.Build.0 = Release|Any CPU
	EndGlobalSection
	GlobalSection(SolutionProperties) = preSolution
		HideSolutionNode = FALSE
	EndGlobalSection
	GlobalSection(ExtensibilityGlobals) = postSolution
		SolutionGuid = {4B1B4F43-E6A6-42BB-8B2F-FF42B9A801B6}
	EndGlobalSection
EndGlobal
